
Microsoft Visual Studio Solution File, Format Version 12.00
# Visual Studio Version 17
VisualStudioVersion = 17.0.32014.148
MinimumVisualStudioVersion = 10.0.40219.1
Project("{9A19103F-16F7-4668-BE54-9A1E7A4F7556}") = "SocketCommunication.Client", "SocketCommunication\SocketCommunication.Client.csproj", "{29A4C71C-9689-4A40-ACE6-3D3ABBB36ADC}"
EndProject
Project("{9A19103F-16F7-4668-BE54-9A1E7A4F7556}") = "SocketCommunication.Server", "SocketCommunication.Server\SocketCommunication.Server.csproj", "{6F91A91F-843D-4426-98A6-63909FD7FE00}"
EndProject
Project("{9A19103F-16F7-4668-BE54-9A1E7A4F7556}") = "SocketCommunication.Api", "SocketCommunication.Api\SocketCommunication.Api.csproj", "{280F1095-46EC-49C4-9DA5-F4AF9D661610}"
EndProject
Global
	GlobalSection(SolutionConfigurationPlatforms) = preSolution
		Debug|Any CPU = Debug|Any CPU
		Release|Any CPU = Release|Any CPU
	EndGlobalSection
	GlobalSection(ProjectConfigurationPlatforms) = postSolution
		{29A4C71C-9689-4A40-ACE6-3D3ABBB36ADC}.Debug|Any CPU.ActiveCfg = Debug|Any CPU
		{29A4C71C-9689-4A40-ACE6-3D3ABBB36ADC}.Debug|Any CPU.Build.0 = Debug|Any CPU
		{29A4C71C-9689-4A40-ACE6-3D3ABBB36ADC}.Release|Any CPU.ActiveCfg = Release|Any CPU
		{29A4C71C-9689-4A40-ACE6-3D3ABBB36ADC}.Release|Any CPU.Build.0 = Release|Any CPU
		{6F91A91F-843D-4426-98A6-63909FD7FE00}.Debug|Any CPU.ActiveCfg = Debug|Any CPU
		{6F91A91F-843D-4426-98A6-63909FD7FE00}.Debug|Any CPU.Build.0 = Debug|Any CPU
		{6F91A91F-843D-4426-98A6-63909FD7FE00}.Release|Any CPU.ActiveCfg = Release|Any CPU
		{6F91A91F-843D-4426-98A6-63909FD7FE00}.Release|Any CPU.Build.0 = Release|Any CPU
		{280F1095-46EC-49C4-9DA5-F4AF9D661610}.Debug|Any CPU.ActiveCfg = Debug|Any CPU
		{280F1095-46EC-49C4-9DA5-F4AF9D661610}.Debug|Any CPU.Build.0 = Debug|Any CPU
		{280F1095-46EC-49C4-9DA5-F4AF9D661610}.Release|Any CPU.ActiveCfg = Release|Any CPU
		{280F1095-46EC-49C4-9DA5-F4AF9D661610}.Release|Any CPU.Build.0 = Release|Any CPU
	EndGlobalSection
	GlobalSection(SolutionProperties) = preSolution
		HideSolutionNode = FALSE
	EndGlobalSection
	GlobalSection(ExtensibilityGlobals) = postSolution
		SolutionGuid = {2FA4C4A1-C412-4228-A14E-79749AE9866D}
	EndGlobalSection
EndGlobal
